
Microsoft Visual Studio Solution File, Format Version 12.00
# Visual Studio 15
VisualStudioVersion = 15.0.28307.2092
MinimumVisualStudioVersion = 10.0.40219.1
Project("{FAE04EC0-301F-11D3-BF4B-00C04F79EFBC}") = "FileHandling", "FileHandling\FileHandling.csproj", "{0C034D0F-A0BF-472F-85B2-A58718C8224C}"
EndProject
Global
	GlobalSection(SolutionConfigurationPlatforms) = preSolution
		Debug|Any CPU = Debug|Any CPU
		Release|Any CPU = Release|Any CPU
	EndGlobalSection
	GlobalSection(ProjectConfigurationPlatforms) = postSolution
		{0C034D0F-A0BF-472F-85B2-A58718C8224C}.Debug|Any CPU.ActiveCfg = Debug|Any CPU
		{0C034D0F-A0BF-472F-85B2-A58718C8224C}.Debug|Any CPU.Build.0 = Debug|Any CPU
		{0C034D0F-A0BF-472F-85B2-A58718C8224C}.Release|Any CPU.ActiveCfg = Release|Any CPU
		{0C034D0F-A0BF-472F-85B2-A58718C8224C}.Release|Any CPU.Build.0 = Release|Any CPU
	EndGlobalSection
	GlobalSection(SolutionProperties) = preSolution
		HideSolutionNode = FALSE
	EndGlobalSection
	GlobalSection(ExtensibilityGlobals) = postSolution
		SolutionGuid = {0431B9D3-D21C-460A-AA6D-326AD41C400D}
	EndGlobalSection
EndGlobal
